
Microsoft Visual Studio Solution File, Format Version 12.00
# Visual Studio 15
VisualStudioVersion = 15.0.28307.902
MinimumVisualStudioVersion = 10.0.40219.1
Project("{FAE04EC0-301F-11D3-BF4B-00C04F79EFBC}") = "ClimaTempo.Android", "ClimaTempo\ClimaTempo.Android\ClimaTempo.Android.csproj", "{701318F4-A3DC-4952-8A35-27E32AD4A8CF}"
EndProject
Project("{FAE04EC0-301F-11D3-BF4B-00C04F79EFBC}") = "ClimaTempo.iOS", "ClimaTempo\ClimaTempo.iOS\ClimaTempo.iOS.csproj", "{9AD010F9-F956-4B5A-AE41-ADDE09C6CF2A}"
EndProject
Project("{9A19103F-16F7-4668-BE54-9A1E7A4F7556}") = "ClimaTempo", "ClimaTempo\ClimaTempo\ClimaTempo.csproj", "{05B02771-EF12-4103-A20E-CD95A95C9124}"
EndProject
Global
	GlobalSection(SolutionConfigurationPlatforms) = preSolution
		Ad-Hoc|Any CPU = Ad-Hoc|Any CPU
		Ad-Hoc|ARM = Ad-Hoc|ARM
		Ad-Hoc|iPhone = Ad-Hoc|iPhone
		Ad-Hoc|iPhoneSimulator = Ad-Hoc|iPhoneSimulator
		Ad-Hoc|x64 = Ad-Hoc|x64
		Ad-Hoc|x86 = Ad-Hoc|x86
		AppStore|Any CPU = AppStore|Any CPU
		AppStore|ARM = AppStore|ARM
		AppStore|iPhone = AppStore|iPhone
		AppStore|iPhoneSimulator = AppStore|iPhoneSimulator
		AppStore|x64 = AppStore|x64
		AppStore|x86 = AppStore|x86
		Debug|Any CPU = Debug|Any CPU
		Debug|ARM = Debug|ARM
		Debug|iPhone = Debug|iPhone
		Debug|iPhoneSimulator = Debug|iPhoneSimulator
		Debug|x64 = Debug|x64
		Debug|x86 = Debug|x86
		Release|Any CPU = Release|Any CPU
		Release|ARM = Release|ARM
		Release|iPhone = Release|iPhone
		Release|iPhoneSimulator = Release|iPhoneSimulator
		Release|x64 = Release|x64
		Release|x86 = Release|x86
	EndGlobalSection
	GlobalSection(ProjectConfigurationPlatforms) = postSolution
		{701318F4-A3DC-4952-8A35-27E32AD4A8CF}.Ad-Hoc|Any CPU.ActiveCfg = Release|Any CPU
		{701318F4-A3DC-4952-8A35-27E32AD4A8CF}.Ad-Hoc|Any CPU.Build.0 = Release|Any CPU
		{701318F4-A3DC-4952-8A35-27E32AD4A8CF}.Ad-Hoc|Any CPU.Deploy.0 = Release|Any CPU
		{701318F4-A3DC-4952-8A35-27E32AD4A8CF}.Ad-Hoc|ARM.ActiveCfg = Release|Any CPU
		{701318F4-A3DC-4952-8A35-27E32AD4A8CF}.Ad-Hoc|ARM.Build.0 = Release|Any CPU
		{701318F4-A3DC-4952-8A35-27E32AD4A8CF}.Ad-Hoc|ARM.Deploy.0 = Release|Any CPU
		{701318F4-A3DC-4952-8A35-27E32AD4A8CF}.Ad-Hoc|iPhone.ActiveCfg = Release|Any CPU
		{701318F4-A3DC-4952-8A35-27E32AD4A8CF}.Ad-Hoc|iPhone.Build.0 = Release|Any CPU
		{701318F4-A3DC-4952-8A35-27E32AD4A8CF}.Ad-Hoc|iPhone.Deploy.0 = Release|Any CPU
		{701318F4-A3DC-4952-8A35-27E32AD4A8CF}.Ad-Hoc|iPhoneSimulator.ActiveCfg = Release|Any CPU
		{701318F4-A3DC-4952-8A35-27E32AD4A8CF}.Ad-Hoc|iPhoneSimulator.Build.0 = Release|Any CPU
		{701318F4-A3DC-4952-8A35-27E32AD4A8CF}.Ad-Hoc|iPhoneSimulator.Deploy.0 = Release|Any CPU
		{701318F4-A3DC-4952-8A35-27E32AD4A8CF}.Ad-Hoc|x64.ActiveCfg = Release|Any CPU
		{701318F4-A3DC-4952-8A35-27E32AD4A8CF}.Ad-Hoc|x64.Build.0 = Release|Any CPU
		{701318F4-A3DC-4952-8A35-27E32AD4A8CF}.Ad-Hoc|x64.Deploy.0 = Release|Any CPU
		{701318F4-A3DC-4952-8A35-27E32AD4A8CF}.Ad-Hoc|x86.ActiveCfg = Release|Any CPU
		{701318F4-A3DC-4952-8A35-27E32AD4A8CF}.Ad-Hoc|x86.Build.0 = Release|Any CPU
		{701318F4-A3DC-4952-8A35-27E32AD4A8CF}.Ad-Hoc|x86.Deploy.0 = Release|Any CPU
		{701318F4-A3DC-4952-8A35-27E32AD4A8CF}.AppStore|Any CPU.ActiveCfg = Release|Any CPU
		{701318F4-A3DC-4952-8A35-27E32AD4A8CF}.AppStore|Any CPU.Build.0 = Release|Any CPU
		{701318F4-A3DC-4952-8A35-27E32AD4A8CF}.AppStore|Any CPU.Deploy.0 = Release|Any CPU
		{701318F4-A3DC-4952-8A35-27E32AD4A8CF}.AppStore|ARM.ActiveCfg = Release|Any CPU
		{701318F4-A3DC-4952-8A35-27E32AD4A8CF}.AppStore|ARM.Build.0 = Release|Any CPU
		{701318F4-A3DC-4952-8A35-27E32AD4A8CF}.AppStore|ARM.Deploy.0 = Release|Any CPU
		{701318F4-A3DC-4952-8A35-27E32AD4A8CF}.AppStore|iPhone.ActiveCfg = Release|Any CPU
		{701318F4-A3DC-4952-8A35-27E32AD4A8CF}.AppStore|iPhone.Build.0 = Release|Any CPU
		{701318F4-A3DC-4952-8A35-27E32AD4A8CF}.AppStore|iPhone.Deploy.0 = Release|Any CPU
		{701318F4-A3DC-4952-8A35-27E32AD4A8CF}.AppStore|iPhoneSimulator.ActiveCfg = Release|Any CPU
		{701318F4-A3DC-4952-8A35-27E32AD4A8CF}.AppStore|iPhoneSimulator.Build.0 = Release|Any CPU
		{701318F4-A3DC-4952-8A35-27E32AD4A8CF}.AppStore|iPhoneSimulator.Deploy.0 = Release|Any CPU
		{701318F4-A3DC-4952-8A35-27E32AD4A8CF}.AppStore|x64.ActiveCfg = Release|Any CPU
		{701318F4-A3DC-4952-8A35-27E32AD4A8CF}.AppStore|x64.Build.0 = Release|Any CPU
		{701318F4-A3DC-4952-8A35-27E32AD4A8CF}.AppStore|x64.Deploy.0 = Release|Any CPU
		{701318F4-A3DC-4952-8A35-27E32AD4A8CF}.AppStore|x86.ActiveCfg = Release|Any CPU
		{701318F4-A3DC-4952-8A35-27E32AD4A8CF}.AppStore|x86.Build.0 = Release|Any CPU
		{701318F4-A3DC-4952-8A35-27E32AD4A8CF}.AppStore|x86.Deploy.0 = Release|Any CPU
		{701318F4-A3DC-4952-8A35-27E32AD4A8CF}.Debug|Any CPU.ActiveCfg = Debug|Any CPU
		{701318F4-A3DC-4952-8A35-27E32AD4A8CF}.Debug|Any CPU.Build.0 = Debug|Any CPU
		{701318F4-A3DC-4952-8A35-27E32AD4A8CF}.Debug|Any CPU.Deploy.0 = Debug|Any CPU
		{701318F4-A3DC-4952-8A35-27E32AD4A8CF}.Debug|ARM.ActiveCfg = Debug|Any CPU
		{701318F4-A3DC-4952-8A35-27E32AD4A8CF}.Debug|ARM.Build.0 = Debug|Any CPU
		{701318F4-A3DC-4952-8A35-27E32AD4A8CF}.Debug|ARM.Deploy.0 = Debug|Any CPU
		{701318F4-A3DC-4952-8A35-27E32AD4A8CF}.Debug|iPhone.ActiveCfg = Debug|Any CPU
		{701318F4-A3DC-4952-8A35-27E32AD4A8CF}.Debug|iPhone.Build.0 = Debug|Any CPU
		{701318F4-A3DC-4952-8A35-27E32AD4A8CF}.Debug|iPhone.Deploy.0 = Debug|Any CPU
		{701318F4-A3DC-4952-8A35-27E32AD4A8CF}.Debug|iPhoneSimulator.ActiveCfg = Debug|Any CPU
		{701318F4-A3DC-4952-8A35-27E32AD4A8CF}.Debug|iPhoneSimulator.Build.0 = Debug|Any CPU
		{701318F4-A3DC-4952-8A35-27E32AD4A8CF}.Debug|iPhoneSimulator.Deploy.0 = Debug|Any CPU
		{701318F4-A3DC-4952-8A35-27E32AD4A8CF}.Debug|x64.ActiveCfg = Debug|Any CPU
		{701318F4-A3DC-4952-8A35-27E32AD4A8CF}.Debug|x64.Build.0 = Debug|Any CPU
		{701318F4-A3DC-4952-8A35-27E32AD4A8CF}.Debug|x64.Deploy.0 = Debug|Any CPU
		{701318F4-A3DC-4952-8A35-27E32AD4A8CF}.Debug|x86.ActiveCfg = Debug|Any CPU
		{701318F4-A3DC-4952-8A35-27E32AD4A8CF}.Debug|x86.Build.0 = Debug|Any CPU
		{701318F4-A3DC-4952-8A35-27E32AD4A8CF}.Debug|x86.Deploy.0 = Debug|Any CPU
		{701318F4-A3DC-4952-8A35-27E32AD4A8CF}.Release|Any CPU.ActiveCfg = Release|Any CPU
		{701318F4-A3DC-4952-8A35-27E32AD4A8CF}.Release|Any CPU.Build.0 = Release|Any CPU
		{701318F4-A3DC-4952-8A35-27E32AD4A8CF}.Release|Any CPU.Deploy.0 = Release|Any CPU
		{701318F4-A3DC-4952-8A35-27E32AD4A8CF}.Release|ARM.ActiveCfg = Release|Any CPU
		{701318F4-A3DC-4952-8A35-27E32AD4A8CF}.Release|ARM.Build.0 = Release|Any CPU
		{701318F4-A3DC-4952-8A35-27E32AD4A8CF}.Release|ARM.Deploy.0 = Release|Any CPU
		{701318F4-A3DC-4952-8A35-27E32AD4A8CF}.Release|iPhone.ActiveCfg = Release|Any CPU
		{701318F4-A3DC-4952-8A35-27E32AD4A8CF}.Release|iPhone.Build.0 = Release|Any CPU
		{701318F4-A3DC-4952-8A35-27E32AD4A8CF}.Release|iPhone.Deploy.0 = Release|Any CPU
		{701318F4-A3DC-4952-8A35-27E32AD4A8CF}.Release|iPhoneSimulator.ActiveCfg = Release|Any CPU
		{701318F4-A3DC-4952-8A35-27E32AD4A8CF}.Release|iPhoneSimulator.Build.0 = Release|Any CPU
		{701318F4-A3DC-4952-8A35-27E32AD4A8CF}.Release|iPhoneSimulator.Deploy.0 = Release|Any CPU
		{701318F4-A3DC-4952-8A35-27E32AD4A8CF}.Release|x64.ActiveCfg = Release|Any CPU
		{701318F4-A3DC-4952-8A35-27E32AD4A8CF}.Release|x64.Build.0 = Release|Any CPU
		{701318F4-A3DC-4952-8A35-27E32AD4A8CF}.Release|x64.Deploy.0 = Release|Any CPU
		{701318F4-A3DC-4952-8A35-27E32AD4A8CF}.Release|x86.ActiveCfg = Release|Any CPU
		{701318F4-A3DC-4952-8A35-27E32AD4A8CF}.Release|x86.Build.0 = Release|Any CPU
		{701318F4-A3DC-4952-8A35-27E32AD4A8CF}.Release|x86.Deploy.0 = Release|Any CPU
		{9AD010F9-F956-4B5A-AE41-ADDE09C6CF2A}.Ad-Hoc|Any CPU.ActiveCfg = Ad-Hoc|iPhone
		{9AD010F9-F956-4B5A-AE41-ADDE09C6CF2A}.Ad-Hoc|Any CPU.Build.0 = Ad-Hoc|iPhone
		{9AD010F9-F956-4B5A-AE41-ADDE09C6CF2A}.Ad-Hoc|Any CPU.Deploy.0 = Ad-Hoc|iPhone
		{9AD010F9-F956-4B5A-AE41-ADDE09C6CF2A}.Ad-Hoc|ARM.ActiveCfg = Ad-Hoc|iPhone
		{9AD010F9-F956-4B5A-AE41-ADDE09C6CF2A}.Ad-Hoc|ARM.Build.0 = Ad-Hoc|iPhone
		{9AD010F9-F956-4B5A-AE41-ADDE09C6CF2A}.Ad-Hoc|ARM.Deploy.0 = Ad-Hoc|iPhone
		{9AD010F9-F956-4B5A-AE41-ADDE09C6CF2A}.Ad-Hoc|iPhone.ActiveCfg = Ad-Hoc|iPhone
		{9AD010F9-F956-4B5A-AE41-ADDE09C6CF2A}.Ad-Hoc|iPhone.Build.0 = Ad-Hoc|iPhone
		{9AD010F9-F956-4B5A-AE41-ADDE09C6CF2A}.Ad-Hoc|iPhone.Deploy.0 = Ad-Hoc|iPhone
		{9AD010F9-F956-4B5A-AE41-ADDE09C6CF2A}.Ad-Hoc|iPhoneSimulator.ActiveCfg = Ad-Hoc|iPhoneSimulator
		{9AD010F9-F956-4B5A-AE41-ADDE09C6CF2A}.Ad-Hoc|iPhoneSimulator.Build.0 = Ad-Hoc|iPhoneSimulator
		{9AD010F9-F956-4B5A-AE41-ADDE09C6CF2A}.Ad-Hoc|iPhoneSimulator.Deploy.0 = Ad-Hoc|iPhoneSimulator
		{9AD010F9-F956-4B5A-AE41-ADDE09C6CF2A}.Ad-Hoc|x64.ActiveCfg = Ad-Hoc|iPhone
		{9AD010F9-F956-4B5A-AE41-ADDE09C6CF2A}.Ad-Hoc|x64.Build.0 = Ad-Hoc|iPhone
		{9AD010F9-F956-4B5A-AE41-ADDE09C6CF2A}.Ad-Hoc|x64.Deploy.0 = Ad-Hoc|iPhone
		{9AD010F9-F956-4B5A-AE41-ADDE09C6CF2A}.Ad-Hoc|x86.ActiveCfg = Ad-Hoc|iPhone
		{9AD010F9-F956-4B5A-AE41-ADDE09C6CF2A}.Ad-Hoc|x86.Build.0 = Ad-Hoc|iPhone
		{9AD010F9-F956-4B5A-AE41-ADDE09C6CF2A}.Ad-Hoc|x86.Deploy.0 = Ad-Hoc|iPhone
		{9AD010F9-F956-4B5A-AE41-ADDE09C6CF2A}.AppStore|Any CPU.ActiveCfg = AppStore|iPhone
		{9AD010F9-F956-4B5A-AE41-ADDE09C6CF2A}.AppStore|Any CPU.Build.0 = AppStore|iPhone
		{9AD010F9-F956-4B5A-AE41-ADDE09C6CF2A}.AppStore|Any CPU.Deploy.0 = AppStore|iPhone
		{9AD010F9-F956-4B5A-AE41-ADDE09C6CF2A}.AppStore|ARM.ActiveCfg = AppStore|iPhone
		{9AD010F9-F956-4B5A-AE41-ADDE09C6CF2A}.AppStore|ARM.Build.0 = AppStore|iPhone
		{9AD010F9-F956-4B5A-AE41-ADDE09C6CF2A}.AppStore|ARM.Deploy.0 = AppStore|iPhone
		{9AD010F9-F956-4B5A-AE41-ADDE09C6CF2A}.AppStore|iPhone.ActiveCfg = AppStore|iPhone
		{9AD010F9-F956-4B5A-AE41-ADDE09C6CF2A}.AppStore|iPhone.Build.0 = AppStore|iPhone
		{9AD010F9-F956-4B5A-AE41-ADDE09C6CF2A}.AppStore|iPhone.Deploy.0 = AppStore|iPhone
		{9AD010F9-F956-4B5A-AE41-ADDE09C6CF2A}.AppStore|iPhoneSimulator.ActiveCfg = AppStore|iPhoneSimulator
		{9AD010F9-F956-4B5A-AE41-ADDE09C6CF2A}.AppStore|iPhoneSimulator.Build.0 = AppStore|iPhoneSimulator
		{9AD010F9-F956-4B5A-AE41-ADDE09C6CF2A}.AppStore|iPhoneSimulator.Deploy.0 = AppStore|iPhoneSimulator
		{9AD010F9-F956-4B5A-AE41-ADDE09C6CF2A}.AppStore|x64.ActiveCfg = AppStore|iPhone
		{9AD010F9-F956-4B5A-AE41-ADDE09C6CF2A}.AppStore|x64.Build.0 = AppStore|iPhone
		{9AD010F9-F956-4B5A-AE41-ADDE09C6CF2A}.AppStore|x64.Deploy.0 = AppStore|iPhone
		{9AD010F9-F956-4B5A-AE41-ADDE09C6CF2A}.AppStore|x86.ActiveCfg = AppStore|iPhone
		{9AD010F9-F956-4B5A-AE41-ADDE09C6CF2A}.AppStore|x86.Build.0 = AppStore|iPhone
		{9AD010F9-F956-4B5A-AE41-ADDE09C6CF2A}.AppStore|x86.Deploy.0 = AppStore|iPhone
		{9AD010F9-F956-4B5A-AE41-ADDE09C6CF2A}.Debug|Any CPU.ActiveCfg = Debug|iPhoneSimulator
		{9AD010F9-F956-4B5A-AE41-ADDE09C6CF2A}.Debug|Any CPU.Build.0 = Debug|iPhoneSimulator
		{9AD010F9-F956-4B5A-AE41-ADDE09C6CF2A}.Debug|Any CPU.Deploy.0 = Debug|iPhoneSimulator
		{9AD010F9-F956-4B5A-AE41-ADDE09C6CF2A}.Debug|ARM.ActiveCfg = Debug|iPhone
		{9AD010F9-F956-4B5A-AE41-ADDE09C6CF2A}.Debug|ARM.Build.0 = Debug|iPhone
		{9AD010F9-F956-4B5A-AE41-ADDE09C6CF2A}.Debug|ARM.Deploy.0 = Debug|iPhone
		{9AD010F9-F956-4B5A-AE41-ADDE09C6CF2A}.Debug|iPhone.ActiveCfg = Debug|iPhone
		{9AD010F9-F956-4B5A-AE41-ADDE09C6CF2A}.Debug|iPhone.Build.0 = Debug|iPhone
		{9AD010F9-F956-4B5A-AE41-ADDE09C6CF2A}.Debug|iPhone.Deploy.0 = Debug|iPhone
		{9AD010F9-F956-4B5A-AE41-ADDE09C6CF2A}.Debug|iPhoneSimulator.ActiveCfg = Debug|iPhoneSimulator
		{9AD010F9-F956-4B5A-AE41-ADDE09C6CF2A}.Debug|iPhoneSimulator.Build.0 = Debug|iPhoneSimulator
		{9AD010F9-F956-4B5A-AE41-ADDE09C6CF2A}.Debug|iPhoneSimulator.Deploy.0 = Debug|iPhoneSimulator
		{9AD010F9-F956-4B5A-AE41-ADDE09C6CF2A}.Debug|x64.ActiveCfg = Debug|iPhone
		{9AD010F9-F956-4B5A-AE41-ADDE09C6CF2A}.Debug|x64.Build.0 = Debug|iPhone
		{9AD010F9-F956-4B5A-AE41-ADDE09C6CF2A}.Debug|x64.Deploy.0 = Debug|iPhone
		{9AD010F9-F956-4B5A-AE41-ADDE09C6CF2A}.Debug|x86.ActiveCfg = Debug|iPhone
		{9AD010F9-F956-4B5A-AE41-ADDE09C6CF2A}.Debug|x86.Build.0 = Debug|iPhone
		{9AD010F9-F956-4B5A-AE41-ADDE09C6CF2A}.Debug|x86.Deploy.0 = Debug|iPhone
		{9AD010F9-F956-4B5A-AE41-ADDE09C6CF2A}.Release|Any CPU.ActiveCfg = Release|iPhone
		{9AD010F9-F956-4B5A-AE41-ADDE09C6CF2A}.Release|Any CPU.Build.0 = Release|iPhone
		{9AD010F9-F956-4B5A-AE41-ADDE09C6CF2A}.Release|Any CPU.Deploy.0 = Release|iPhone
		{9AD010F9-F956-4B5A-AE41-ADDE09C6CF2A}.Release|ARM.ActiveCfg = Release|iPhone
		{9AD010F9-F956-4B5A-AE41-ADDE09C6CF2A}.Release|ARM.Build.0 = Release|iPhone
		{9AD010F9-F956-4B5A-AE41-ADDE09C6CF2A}.Release|ARM.Deploy.0 = Release|iPhone
		{9AD010F9-F956-4B5A-AE41-ADDE09C6CF2A}.Release|iPhone.ActiveCfg = Release|iPhone
		{9AD010F9-F956-4B5A-AE41-ADDE09C6CF2A}.Release|iPhone.Build.0 = Release|iPhone
		{9AD010F9-F956-4B5A-AE41-ADDE09C6CF2A}.Release|iPhone.Deploy.0 = Release|iPhone
		{9AD010F9-F956-4B5A-AE41-ADDE09C6CF2A}.Release|iPhoneSimulator.ActiveCfg = Release|iPhoneSimulator
		{9AD010F9-F956-4B5A-AE41-ADDE09C6CF2A}.Release|iPhoneSimulator.Build.0 = Release|iPhoneSimulator
		{9AD010F9-F956-4B5A-AE41-ADDE09C6CF2A}.Release|iPhoneSimulator.Deploy.0 = Release|iPhoneSimulator
		{9AD010F9-F956-4B5A-AE41-ADDE09C6CF2A}.Release|x64.ActiveCfg = Release|iPhone
		{9AD010F9-F956-4B5A-AE41-ADDE09C6CF2A}.Release|x64.Build.0 = Release|iPhone
		{9AD010F9-F956-4B5A-AE41-ADDE09C6CF2A}.Release|x64.Deploy.0 = Release|iPhone
		{9AD010F9-F956-4B5A-AE41-ADDE09C6CF2A}.Release|x86.ActiveCfg = Release|iPhone
		{9AD010F9-F956-4B5A-AE41-ADDE09C6CF2A}.Release|x86.Build.0 = Release|iPhone
		{9AD010F9-F956-4B5A-AE41-ADDE09C6CF2A}.Release|x86.Deploy.0 = Release|iPhone
		{05B02771-EF12-4103-A20E-CD95A95C9124}.Ad-Hoc|Any CPU.ActiveCfg = Debug|Any CPU
		{05B02771-EF12-4103-A20E-CD95A95C9124}.Ad-Hoc|Any CPU.Build.0 = Debug|Any CPU
		{05B02771-EF12-4103-A20E-CD95A95C9124}.Ad-Hoc|Any CPU.Deploy.0 = Debug|Any CPU
		{05B02771-EF12-4103-A20E-CD95A95C9124}.Ad-Hoc|ARM.ActiveCfg = Debug|Any CPU
		{05B02771-EF12-4103-A20E-CD95A95C9124}.Ad-Hoc|ARM.Build.0 = Debug|Any CPU
		{05B02771-EF12-4103-A20E-CD95A95C9124}.Ad-Hoc|ARM.Deploy.0 = Debug|Any CPU
		{05B02771-EF12-4103-A20E-CD95A95C9124}.Ad-Hoc|iPhone.ActiveCfg = Debug|Any CPU
		{05B02771-EF12-4103-A20E-CD95A95C9124}.Ad-Hoc|iPhone.Build.0 = Debug|Any CPU
		{05B02771-EF12-4103-A20E-CD95A95C9124}.Ad-Hoc|iPhone.Deploy.0 = Debug|Any CPU
		{05B02771-EF12-4103-A20E-CD95A95C9124}.Ad-Hoc|iPhoneSimulator.ActiveCfg = Debug|Any CPU
		{05B02771-EF12-4103-A20E-CD95A95C9124}.Ad-Hoc|iPhoneSimulator.Build.0 = Debug|Any CPU
		{05B02771-EF12-4103-A20E-CD95A95C9124}.Ad-Hoc|iPhoneSimulator.Deploy.0 = Debug|Any CPU
		{05B02771-EF12-4103-A20E-CD95A95C9124}.Ad-Hoc|x64.ActiveCfg = Debug|Any CPU
		{05B02771-EF12-4103-A20E-CD95A95C9124}.Ad-Hoc|x64.Build.0 = Debug|Any CPU
		{05B02771-EF12-4103-A20E-CD95A95C9124}.Ad-Hoc|x64.Deploy.0 = Debug|Any CPU
		{05B02771-EF12-4103-A20E-CD95A95C9124}.Ad-Hoc|x86.ActiveCfg = Debug|Any CPU
		{05B02771-EF12-4103-A20E-CD95A95C9124}.Ad-Hoc|x86.Build.0 = Debug|Any CPU
		{05B02771-EF12-4103-A20E-CD95A95C9124}.Ad-Hoc|x86.Deploy.0 = Debug|Any CPU
		{05B02771-EF12-4103-A20E-CD95A95C9124}.AppStore|Any CPU.ActiveCfg = Debug|Any CPU
		{05B02771-EF12-4103-A20E-CD95A95C9124}.AppStore|Any CPU.Build.0 = Debug|Any CPU
		{05B02771-EF12-4103-A20E-CD95A95C9124}.AppStore|Any CPU.Deploy.0 = Debug|Any CPU
		{05B02771-EF12-4103-A20E-CD95A95C9124}.AppStore|ARM.ActiveCfg = Debug|Any CPU
		{05B02771-EF12-4103-A20E-CD95A95C9124}.AppStore|ARM.Build.0 = Debug|Any CPU
		{05B02771-EF12-4103-A20E-CD95A95C9124}.AppStore|ARM.Deploy.0 = Debug|Any CPU
		{05B02771-EF12-4103-A20E-CD95A95C9124}.AppStore|iPhone.ActiveCfg = Debug|Any CPU
		{05B02771-EF12-4103-A20E-CD95A95C9124}.AppStore|iPhone.Build.0 = Debug|Any CPU
		{05B02771-EF12-4103-A20E-CD95A95C9124}.AppStore|iPhone.Deploy.0 = Debug|Any CPU
		{05B02771-EF12-4103-A20E-CD95A95C9124}.AppStore|iPhoneSimulator.ActiveCfg = Debug|Any CPU
		{05B02771-EF12-4103-A20E-CD95A95C9124}.AppStore|iPhoneSimulator.Build.0 = Debug|Any CPU
		{05B02771-EF12-4103-A20E-CD95A95C9124}.AppStore|iPhoneSimulator.Deploy.0 = Debug|Any CPU
		{05B02771-EF12-4103-A20E-CD95A95C9124}.AppStore|x64.ActiveCfg = Debug|Any CPU
		{05B02771-EF12-4103-A20E-CD95A95C9124}.AppStore|x64.Build.0 = Debug|Any CPU
		{05B02771-EF12-4103-A20E-CD95A95C9124}.AppStore|x64.Deploy.0 = Debug|Any CPU
		{05B02771-EF12-4103-A20E-CD95A95C9124}.AppStore|x86.ActiveCfg = Debug|Any CPU
		{05B02771-EF12-4103-A20E-CD95A95C9124}.AppStore|x86.Build.0 = Debug|Any CPU
		{05B02771-EF12-4103-A20E-CD95A95C9124}.AppStore|x86.Deploy.0 = Debug|Any CPU
		{05B02771-EF12-4103-A20E-CD95A95C9124}.Debug|Any CPU.ActiveCfg = Debug|Any CPU
		{05B02771-EF12-4103-A20E-CD95A95C9124}.Debug|Any CPU.Build.0 = Debug|Any CPU
		{05B02771-EF12-4103-A20E-CD95A95C9124}.Debug|Any CPU.Deploy.0 = Debug|Any CPU
		{05B02771-EF12-4103-A20E-CD95A95C9124}.Debug|ARM.ActiveCfg = Debug|Any CPU
		{05B02771-EF12-4103-A20E-CD95A95C9124}.Debug|ARM.Build.0 = Debug|Any CPU
		{05B02771-EF12-4103-A20E-CD95A95C9124}.Debug|ARM.Deploy.0 = Debug|Any CPU
		{05B02771-EF12-4103-A20E-CD95A95C9124}.Debug|iPhone.ActiveCfg = Debug|Any CPU
		{05B02771-EF12-4103-A20E-CD95A95C9124}.Debug|iPhone.Build.0 = Debug|Any CPU
		{05B02771-EF12-4103-A20E-CD95A95C9124}.Debug|iPhone.Deploy.0 = Debug|Any CPU
		{05B02771-EF12-4103-A20E-CD95A95C9124}.Debug|iPhoneSimulator.ActiveCfg = Debug|Any CPU
		{05B02771-EF12-4103-A20E-CD95A95C9124}.Debug|iPhoneSimulator.Build.0 = Debug|Any CPU
		{05B02771-EF12-4103-A20E-CD95A95C9124}.Debug|iPhoneSimulator.Deploy.0 = Debug|Any CPU
		{05B02771-EF12-4103-A20E-CD95A95C9124}.Debug|x64.ActiveCfg = Debug|Any CPU
		{05B02771-EF12-4103-A20E-CD95A95C9124}.Debug|x64.Build.0 = Debug|Any CPU
		{05B02771-EF12-4103-A20E-CD95A95C9124}.Debug|x64.Deploy.0 = Debug|Any CPU
		{05B02771-EF12-4103-A20E-CD95A95C9124}.Debug|x86.ActiveCfg = Debug|Any CPU
		{05B02771-EF12-4103-A20E-CD95A95C9124}.Debug|x86.Build.0 = Debug|Any CPU
		{05B02771-EF12-4103-A20E-CD95A95C9124}.Debug|x86.Deploy.0 = Debug|Any CPU
		{05B02771-EF12-4103-A20E-CD95A95C9124}.Release|Any CPU.ActiveCfg = Release|Any CPU
		{05B02771-EF12-4103-A20E-CD95A95C9124}.Release|Any CPU.Build.0 = Release|Any CPU
		{05B02771-EF12-4103-A20E-CD95A95C9124}.Release|Any CPU.Deploy.0 = Release|Any CPU
		{05B02771-EF12-4103-A20E-CD95A95C9124}.Release|ARM.ActiveCfg = Release|Any CPU
		{05B02771-EF12-4103-A20E-CD95A95C9124}.Release|ARM.Build.0 = Release|Any CPU
		{05B02771-EF12-4103-A20E-CD95A95C9124}.Release|ARM.Deploy.0 = Release|Any CPU
		{05B02771-EF12-4103-A20E-CD95A95C9124}.Release|iPhone.ActiveCfg = Release|Any CPU
		{05B02771-EF12-4103-A20E-CD95A95C9124}.Release|iPhone.Build.0 = Release|Any CPU
		{05B02771-EF12-4103-A20E-CD95A95C9124}.Release|iPhone.Deploy.0 = Release|Any CPU
		{05B02771-EF12-4103-A20E-CD95A95C9124}.Release|iPhoneSimulator.ActiveCfg = Release|Any CPU
		{05B02771-EF12-4103-A20E-CD95A95C9124}.Release|iPhoneSimulator.Build.0 = Release|Any CPU
		{05B02771-EF12-4103-A20E-CD95A95C9124}.Release|iPhoneSimulator.Deploy.0 = Release|Any CPU
		{05B02771-EF12-4103-A20E-CD95A95C9124}.Release|x64.ActiveCfg = Release|Any CPU
		{05B02771-EF12-4103-A20E-CD95A95C9124}.Release|x64.Build.0 = Release|Any CPU
		{05B02771-EF12-4103-A20E-CD95A95C9124}.Release|x64.Deploy.0 = Release|Any CPU
		{05B02771-EF12-4103-A20E-CD95A95C9124}.Release|x86.ActiveCfg = Release|Any CPU
		{05B02771-EF12-4103-A20E-CD95A95C9124}.Release|x86.Build.0 = Release|Any CPU
		{05B02771-EF12-4103-A20E-CD95A95C9124}.Release|x86.Deploy.0 = Release|Any CPU
	EndGlobalSection
	GlobalSection(SolutionProperties) = preSolution
		HideSolutionNode = FALSE
	EndGlobalSection
	GlobalSection(ExtensibilityGlobals) = postSolution
		SolutionGuid = {69297AB3-6D93-4D95-9AC6-8DE096CE8D50}
	EndGlobalSection
EndGlobal
